version = 1
requires-python = ">=3.13"

[[package]]
name = "bedrock"
version = "0.1.0"
source = { virtual = "." }
dependencies = [
    { name = "boto3" },
    { name = "botocore" },
]

[package.metadata]
requires-dist = [
    { name = "boto3", specifier = ">=1.37.3" },
    { name = "botocore", specifier = ">=1.37.3" },
]

[[package]]
name = "boto3"
version = "1.37.3"
source = { registry = "https://pypi.org/simple" }
dependencies = [
    { name = "botocore" },
    { name = "jmespath" },
    { name = "s3transfer" },
]
sdist = { url = "https://files.pythonhosted.org/packages/7e/3f/135ec0771e6d0e1af2ad7023a15df6677d96112072838d948c9b5075efe1/boto3-1.37.3.tar.gz", hash = "sha256:21f3ce0ef111297e63a6eb998a25197b8c10982970c320d4c6e8db08be2157be", size = 111160 }
wheels = [
    { url = "https://files.pythonhosted.org/packages/62/8c/213511a505af2239a673de4de145d013379275c569185187922f93dbdf14/boto3-1.37.3-py3-none-any.whl", hash = "sha256:2063b40af99fd02f6228ff52397b552ff3353831edaf8d25cc04801827ab9794", size = 139344 },
]

[[package]]
name = "botocore"
version = "1.37.3"
source = { registry = "https://pypi.org/simple" }
dependencies = [
    { name = "jmespath" },
    { name = "python-dateutil" },
    { name = "urllib3" },
]
sdist = { url = "https://files.pythonhosted.org/packages/74/fb/b243ab806d2e1e6b8a475b731cc59a1f1e4709eded4884b988a27bbc996b/botocore-1.37.3.tar.gz", hash = "sha256:fe8403eb55a88faf9b0f9da6615e5bee7be056d75e17af66c3c8f0a3b0648da4", size = 13574648 }
wheels = [
    { url = "https://files.pythonhosted.org/packages/88/54/772118f15b5990173aa5264946cc8c9ff70c8f02d72ee6d63167a985188c/botocore-1.37.3-py3-none-any.whl", hash = "sha256:d01bd3bf4c80e61fa88d636ad9f5c9f60a551d71549b481386c6b4efe0bb2b2e", size = 13342066 },
]

[[package]]
name = "jmespath"
version = "1.0.1"
source = { registry = "https://pypi.org/simple" }
sdist = { url = "https://files.pythonhosted.org/packages/00/2a/e867e8531cf3e36b41201936b7fa7ba7b5702dbef42922193f05c8976cd6/jmespath-1.0.1.tar.gz", hash = "sha256:90261b206d6defd58fdd5e85f478bf633a2901798906be2ad389150c5c60edbe", size = 25843 }
wheels = [
    { url = "https://files.pythonhosted.org/packages/31/b4/b9b800c45527aadd64d5b442f9b932b00648617eb5d63d2c7a6587b7cafc/jmespath-1.0.1-py3-none-any.whl", hash = "sha256:02e2e4cc71b5bcab88332eebf907519190dd9e6e82107fa7f83b1003a6252980", size = 20256 },
]

[[package]]
name = "python-dateutil"
version = "2.9.0.post0"
source = { registry = "https://pypi.org/simple" }
dependencies = [
    { name = "six" },
]
sdist = { url = "https://files.pythonhosted.org/packages/66/c0/0c8b6ad9f17a802ee498c46e004a0eb49bc148f2fd230864601a86dcf6db/python-dateutil-2.9.0.post0.tar.gz", hash = "sha256:37dd54208da7e1cd875388217d5e00ebd4179249f90fb72437e91a35459a0ad3", size = 342432 }
wheels = [
    { url = "https://files.pythonhosted.org/packages/ec/57/56b9bcc3c9c6a792fcbaf139543cee77261f3651ca9da0c93f5c1221264b/python_dateutil-2.9.0.post0-py2.py3-none-any.whl", hash = "sha256:a8b2bc7bffae282281c8140a97d3aa9c14da0b136dfe83f850eea9a5f7470427", size = 229892 },
]

[[package]]
name = "s3transfer"
version = "0.11.3"
source = { registry = "https://pypi.org/simple" }
dependencies = [
    { name = "botocore" },
]
sdist = { url = "https://files.pythonhosted.org/packages/39/24/1390172471d569e281fcfd29b92f2f73774e95972c965d14b6c802ff2352/s3transfer-0.11.3.tar.gz", hash = "sha256:edae4977e3a122445660c7c114bba949f9d191bae3b34a096f18a1c8c354527a", size = 148042 }
wheels = [
    { url = "https://files.pythonhosted.org/packages/e4/81/48c41b554a54d75d4407740abb60e3a102ae416284df04d1dbdcbe3dbf24/s3transfer-0.11.3-py3-none-any.whl", hash = "sha256:ca855bdeb885174b5ffa95b9913622459d4ad8e331fc98eb01e6d5eb6a30655d", size = 84246 },
]

[[package]]
name = "six"
version = "1.17.0"
source = { registry = "https://pypi.org/simple" }
sdist = { url = "https://files.pythonhosted.org/packages/94/e7/b2c673351809dca68a0e064b6af791aa332cf192da575fd474ed7d6f16a2/six-1.17.0.tar.gz", hash = "sha256:ff70335d468e7eb6ec65b95b99d3a2836546063f63acc5171de367e834932a81", size = 34031 }
wheels = [
    { url = "https://files.pythonhosted.org/packages/b7/ce/149a00dd41f10bc29e5921b496af8b574d8413afcd5e30dfa0ed46c2cc5e/six-1.17.0-py2.py3-none-any.whl", hash = "sha256:4721f391ed90541fddacab5acf947aa0d3dc7d27b2e1e8eda2be8970586c3274", size = 11050 },
]

[[package]]
name = "urllib3"
version = "2.3.0"
source = { registry = "https://pypi.org/simple" }
sdist = { url = "https://files.pythonhosted.org/packages/aa/63/e53da845320b757bf29ef6a9062f5c669fe997973f966045cb019c3f4b66/urllib3-2.3.0.tar.gz", hash = "sha256:f8c5449b3cf0861679ce7e0503c7b44b5ec981bec0d1d3795a07f1ba96f0204d", size = 307268 }
wheels = [
    { url = "https://files.pythonhosted.org/packages/c8/19/4ec628951a74043532ca2cf5d97b7b14863931476d117c471e8e2b1eb39f/urllib3-2.3.0-py3-none-any.whl", hash = "sha256:1cee9ad369867bfdbbb48b7dd50374c0967a0bb7710050facf0dd6911440e3df", size = 128369 },
]
